PODS:
  - CTBaseFoundation (0.6.7):
    - CTBaseFoundation/Core (= 0.6.7)
    - CTBaseFoundation/Extension (= 0.6.7)
    - CTBaseFoundation/UIKit (= 0.6.7)
  - CTBaseFoundation/Core (0.6.7)
  - CTBaseFoundation/Extension (0.6.7)
  - CTBaseFoundation/UIKit (0.6.7)

DEPENDENCIES:
  - CTBaseFoundation (from `../`)

EXTERNAL SOURCES:
  CTBaseFoundation:
    :path: "../"

SPEC CHECKSUMS:
  CTBaseFoundation: b0a34b4b01198d61464095ae0d38451bc95307bc

PODFILE CHECKSUM: 0420fc6732156b288335bf844c2289a55a1e6f9c

COCOAPODS: 1.10.0
