PODS:
  - iOSBaseFoundation (0.5.0):
    - iOSBaseFoundation/Core (= 0.5.0)
    - iOSBaseFoundation/Extension (= 0.5.0)
    - iOSBaseFoundation/UIKit (= 0.5.0)
    - SnapKit (= 5.0.1)
    - Toast-Swift (= 5.0.1)
  - iOSBaseFoundation/Core (0.5.0):
    - SnapKit (= 5.0.1)
    - Toast-Swift (= 5.0.1)
  - iOSBaseFoundation/Extension (0.5.0):
    - SnapKit (= 5.0.1)
    - Toast-Swift (= 5.0.1)
  - iOSBaseFoundation/UIKit (0.5.0):
    - SnapKit (= 5.0.1)
    - Toast-Swift (= 5.0.1)
  - SnapKit (5.0.1)
  - Toast-Swift (5.0.1)

DEPENDENCIES:
  - iOSBaseFoundation (from `../`)

SPEC REPOS:
  trunk:
    - SnapKit
    - Toast-Swift

EXTERNAL SOURCES:
  iOSBaseFoundation:
    :path: "../"

SPEC CHECKSUMS:
  iOSBaseFoundation: b5eccb0e24ee05dbdab35c1c0e4ead4dc32093e1
  SnapKit: 97b92857e3df3a0c71833cce143274bf6ef8e5eb
  Toast-Swift: 9b6a70f28b3bf0b96c40d46c0c4b9d6639846711

PODFILE CHECKSUM: df5b69f742690b923ea508af7f6f589da93a52f0

COCOAPODS: 1.10.0
